{
  "originHash" : "ddf70d43ca6db9a872232cd9e9631aac5977257e3172ed1f04f11ba801b2dcc6",
  "pins" : [
    {
      "identity" : "swift-rs",
      "kind" : "remoteSourceControl",
      "location" : "https://github.com/Brendonovich/swift-rs",
      "state" : {
        "revision" : "b5ed223fcdab165bc21219c1925dc1e77e2bef5e",
        "version" : "1.0.6"
      }
    }
  ],
  "version" : 3
}
